# This file is automatically @generated by Wally.
# It is not intended for manual editing.
registry = "test"

[[package]]
name = "chriscerie/react-spring"
version = "1.1.3"
dependencies = [["Promise", "evaera/promise@4.0.0"], ["React", "core-packages/react@17.0.1-rc.18"], ["ReactRoblox", "core-packages/react-roblox@17.0.1-rc.16"], ["TestEZ", "roblox/testez@0.4.1"]]

[[package]]
name = "core-packages/boolean"
version = "1.1.0"
dependencies = [["Number", "core-packages/number@1.1.0"]]

[[package]]
name = "core-packages/collections"
version = "1.1.0"
dependencies = [["ES7Types", "core-packages/es-7-types@1.1.0"], ["InstanceOf", "core-packages/instance-of@1.1.0"]]

[[package]]
name = "core-packages/console"
version = "1.1.0"
dependencies = [["Collections", "core-packages/collections@1.1.0"]]

[[package]]
name = "core-packages/es-7-types"
version = "1.1.0"
dependencies = []

[[package]]
name = "core-packages/instance-of"
version = "1.1.0"
dependencies = []

[[package]]
name = "core-packages/luau-polyfill"
version = "1.1.0"
dependencies = [["Boolean", "core-packages/boolean@1.1.0"], ["Collections", "core-packages/collections@1.1.0"], ["Console", "core-packages/console@1.1.0"], ["ES7Types", "core-packages/es-7-types@1.1.0"], ["InstanceOf", "core-packages/instance-of@1.1.0"], ["Math", "core-packages/math@1.1.0"], ["Number", "core-packages/number@1.1.0"], ["String", "core-packages/string@1.1.0"], ["Symbol", "core-packages/symbol@1.1.0"], ["Timers", "core-packages/timers@1.1.0"]]

[[package]]
name = "core-packages/math"
version = "1.1.0"
dependencies = []

[[package]]
name = "core-packages/number"
version = "1.1.0"
dependencies = []

[[package]]
name = "core-packages/react"
version = "17.0.1-rc.18"
dependencies = [["LuauPolyfill", "core-packages/luau-polyfill@1.1.0"], ["Shared", "core-packages/shared@17.0.1-rc.18"]]

[[package]]
name = "core-packages/react-reconciler"
version = "17.0.1-rc.16"
dependencies = [["Cryo", "freddylist/llama@1.1.1"], ["LuauPolyfill", "core-packages/luau-polyfill@1.1.0"], ["Promise", "evaera/promise@4.0.0"], ["React", "core-packages/react@17.0.1-rc.18"], ["Scheduler", "core-packages/scheduler@17.0.1-rc.16"], ["Shared", "core-packages/shared@17.0.1-rc.18"]]

[[package]]
name = "core-packages/react-roblox"
version = "17.0.1-rc.16"
dependencies = [["LuauPolyfill", "core-packages/luau-polyfill@1.1.0"], ["React", "core-packages/react@17.0.1-rc.18"], ["ReactReconciler", "core-packages/react-reconciler@17.0.1-rc.16"], ["Scheduler", "core-packages/scheduler@17.0.1-rc.16"], ["Shared", "core-packages/shared@17.0.1-rc.18"]]

[[package]]
name = "core-packages/scheduler"
version = "17.0.1-rc.16"
dependencies = [["LuauPolyfill", "core-packages/luau-polyfill@1.1.0"], ["Shared", "core-packages/shared@17.0.1-rc.18"]]

[[package]]
name = "core-packages/shared"
version = "17.0.1-rc.18"
dependencies = [["LuauPolyfill", "core-packages/luau-polyfill@1.1.0"]]

[[package]]
name = "core-packages/string"
version = "1.1.0"
dependencies = [["ES7Types", "core-packages/es-7-types@1.1.0"], ["Number", "core-packages/number@1.1.0"]]

[[package]]
name = "core-packages/symbol"
version = "1.1.0"
dependencies = []

[[package]]
name = "core-packages/timers"
version = "1.1.0"
dependencies = [["Collections", "core-packages/collections@1.1.0"]]

[[package]]
name = "csqrl/sift"
version = "0.0.4"
dependencies = []

[[package]]
name = "evaera/promise"
version = "4.0.0"
dependencies = []

[[package]]
name = "freddylist/llama"
version = "1.1.1"
dependencies = []

[[package]]
name = "howmanysmall/janitor"
version = "1.15.1"
dependencies = []

[[package]]
name = "passhley/rodux"
version = "4.0.0-rc.0"
dependencies = []

[[package]]
name = "richerd/react-rodux-game"
version = "0.1.0"
dependencies = [["Janitor", "howmanysmall/janitor@1.15.1"], ["Net", "vorlias/net@3.0.4"], ["Promise", "evaera/promise@4.0.0"], ["React", "core-packages/react@17.0.1-rc.18"], ["ReactRoblox", "core-packages/react-roblox@17.0.1-rc.16"], ["ReactSpring", "chriscerie/react-spring@1.1.3"], ["Rodux", "passhley/rodux@4.0.0-rc.0"], ["Shared", "core-packages/shared@17.0.1-rc.18"], ["Sift", "csqrl/sift@0.0.4"]]

[[package]]
name = "roblox/testez"
version = "0.4.1"
dependencies = []

[[package]]
name = "vorlias/net"
version = "3.0.4"
dependencies = []
